
Microsoft Visual Studio Solution File, Format Version 12.00
# Visual Studio 15
VisualStudioVersion = 15.0.27703.2026
MinimumVisualStudioVersion = 10.0.40219.1
Project("{FAE04EC0-301F-11D3-BF4B-00C04F79EFBC}") = "Program", "Program\Program.csproj", "{45D9BB55-EE42-46E5-A4B2-582CAC44A46F}"
EndProject
Project("{FAE04EC0-301F-11D3-BF4B-00C04F79EFBC}") = "CustomListTest", "CustomListTest\CustomListTest.csproj", "{33357787-B376-4F94-86D1-1F688119EA8C}"
EndProject
Global
	GlobalSection(SolutionConfigurationPlatforms) = preSolution
		Debug|Any CPU = Debug|Any CPU
		Release|Any CPU = Release|Any CPU
	EndGlobalSection
	GlobalSection(ProjectConfigurationPlatforms) = postSolution
		{45D9BB55-EE42-46E5-A4B2-582CAC44A46F}.Debug|Any CPU.ActiveCfg = Debug|Any CPU
		{45D9BB55-EE42-46E5-A4B2-582CAC44A46F}.Debug|Any CPU.Build.0 = Debug|Any CPU
		{45D9BB55-EE42-46E5-A4B2-582CAC44A46F}.Release|Any CPU.ActiveCfg = Release|Any CPU
		{45D9BB55-EE42-46E5-A4B2-582CAC44A46F}.Release|Any CPU.Build.0 = Release|Any CPU
		{33357787-B376-4F94-86D1-1F688119EA8C}.Debug|Any CPU.ActiveCfg = Debug|Any CPU
		{33357787-B376-4F94-86D1-1F688119EA8C}.Debug|Any CPU.Build.0 = Debug|Any CPU
		{33357787-B376-4F94-86D1-1F688119EA8C}.Release|Any CPU.ActiveCfg = Release|Any CPU
		{33357787-B376-4F94-86D1-1F688119EA8C}.Release|Any CPU.Build.0 = Release|Any CPU
	EndGlobalSection
	GlobalSection(SolutionProperties) = preSolution
		HideSolutionNode = FALSE
	EndGlobalSection
	GlobalSection(ExtensibilityGlobals) = postSolution
		SolutionGuid = {A2DF3410-C5D1-41D5-BE66-76B11A7D4156}
	EndGlobalSection
EndGlobal
